{
  "version": 2,
  "dependencies": {
    "net10.0-windows7.0": {
      "AsyncFixer": {
        "type": "Direct",
        "requested": "[2.1.0, )",
        "resolved": "2.1.0",
        "contentHash": "OOHNlH7GF39qk0Pv4cIQWA99hUh3nujDgGE2nADPpw88lD7s2qwlxEhuJIBfstC8ng3B1yY6SQy2JW/tddlMAQ=="
      },
      "CommunityToolkit.Mvvm": {
        "type": "Direct",
        "requested": "[8.3.2, )",
        "resolved": "8.3.2",
        "contentHash": "m8EolE1A0Updj68WTsZSGI6VWb6mUqHPh7QFo0kt7+JPhYMNXRS1ch8TS/oITAdcxTLrwMOp3ku1KjeG1/Zdpg=="
      },
      "IDisposableAnalyzers": {
        "type": "Direct",
        "requested": "[4.0.8, )",
        "resolved": "4.0.8",
        "contentHash": "vNi4NMG0CcJyjXxiNDcQ21FwV/whM9o9OEZKD+oP7tuxAqFEzX/x5OhC3OZJqW/w+8GOtCmJPBquYgMWgz0rfQ=="
      },
      "KeepShell": {
        "type": "Direct",
        "requested": "[0.1.232, )",
        "resolved": "0.1.232",
        "contentHash": "GmEife/sTiXqWp+s82wXNOyLY0a85ZAw8XJdyfppaUf7xOnyeUM7cXJMim4QO+TPCsbNt6I2bMmDbnfUxiJ0cQ==",
        "dependencies": {
          "CommunityToolkit.Mvvm": "8.3.2",
          "MahApps.Metro.IconPacks.Lucide": "6.2.1",
          "Serilog": "4.2.0",
          "Serilog.Extensions.Logging": "8.0.0",
          "Serilog.Sinks.Debug": "2.0.0",
          "Serilog.Sinks.File": "6.0.0",
          "Tomlyn": "2.4.0"
        }
      },
      "KeepShell.Automation": {
        "type": "Direct",
        "requested": "[0.1.232, )",
        "resolved": "0.1.232",
        "contentHash": "jMs4pjU1+kFpHkKi5droPUDE2Vtg4cuVDS/ve/vaINrUQeTDSVinVX+bcEOkJtlt9vqSQAlUFm+4U+0BD/afbA==",
        "dependencies": {
          "KeepShell": "0.1.232"
        }
      },
      "KeepShell.Mcp": {
        "type": "Direct",
        "requested": "[0.1.232, )",
        "resolved": "0.1.232",
        "contentHash": "lUss2UfovEg+g2P0jSP3B1hRpT0FYcmZ6hP3MZdeEQq0AziROeTwyHJ1KWBHkSomuqwswdb5zA/QIcI93rbtiA==",
        "dependencies": {
          "KeepShell": "0.1.232",
          "ModelContextProtocol.AspNetCore": "1.4.1"
        }
      },
      "MahApps.Metro.IconPacks.Lucide": {
        "type": "Direct",
        "requested": "[6.2.1, )",
        "resolved": "6.2.1",
        "contentHash": "xehG2J/Ljfa6NxlKCqvDxnxUMrApR0xSLGaoaFSVN531jF+WNZNAaUvE9qkxOHKZ+jpH4gUnb2sC3qNcpAGVkA==",
        "dependencies": {
          "MahApps.Metro.IconPacks.Core": "6.2.1"
        }
      },
      "Meziantou.Analyzer": {
        "type": "Direct",
        "requested": "[3.0.79, )",
        "resolved": "3.0.79",
        "contentHash": "x9I5cxEwTFvueIH2FY5cIukbv3zNj09oPRyKU7jqkLw3yBZn2qwKb3vn8QNGeMkCQrlSTn9hIgB/etJy5mgQHQ=="
      },
      "Microsoft.VisualStudio.Threading.Analyzers": {
        "type": "Direct",
        "requested": "[17.14.15, )",
        "resolved": "17.14.15",
        "contentHash": "mXQPJsbuUD2ydq4/ffd8h8tSOFCXec+2xJOVNCvXjuMOq/+5EKHq3D2m2MC2+nUaXeFMSt66VS/J4HdKBixgcw=="
      },
      "Microsoft.Web.WebView2": {
        "type": "Direct",
        "requested": "[1.0.3650.58, )",
        "resolved": "1.0.3650.58",
        "contentHash": "BrfpVqOuWtW8yA/it365aB6K6H6EYCXjqJkX730UiO7weVsSYjUyKPFVY5WGa+IfRHqknh619uXHMYTOR4WFRw=="
      },
      "Roslynator.Analyzers": {
        "type": "Direct",
        "requested": "[4.15.0, )",
        "resolved": "4.15.0",
        "contentHash": "E8fu71Y+vzhniJKy1K13Rzwm8Vjcj7CDFBpflqncKUZfc3SzuF0kMBiyMmgXNPkjWTdE3Z+30HlGgYjHONZY/Q=="
      },
      "Serilog.Extensions.Logging": {
        "type": "Direct",
        "requested": "[8.0.0, )",
        "resolved": "8.0.0",
        "contentHash": "YEAMWu1UnWgf1c1KP85l1SgXGfiVo0Rz6x08pCiPOIBt2Qe18tcZLvdBUuV5o1QHvrs8FAry9wTIhgBRtjIlEg==",
        "dependencies": {
          "Serilog": "3.1.1"
        }
      },
      "Serilog.Sinks.Console": {
        "type": "Direct",
        "requested": "[6.1.1, )",
        "resolved": "6.1.1",
        "contentHash": "8jbqgjUyZlfCuSTaJk6lOca465OndqOz3KZP6Cryt/IqZYybyBu7GP0fE/AXBzrrQB3EBmQntBFAvMVz1COvAA==",
        "dependencies": {
          "Serilog": "4.0.0"
        }
      },
      "Serilog.Sinks.Debug": {
        "type": "Direct",
        "requested": "[3.0.0, )",
        "resolved": "3.0.0",
        "contentHash": "4BzXcdrgRX7wde9PmHuYd9U6YqycCC28hhpKonK7hx0wb19eiuRj16fPcPSVp0o/Y1ipJuNLYQ00R3q2Zs8FDA==",
        "dependencies": {
          "Serilog": "4.0.0"
        }
      },
      "Serilog.Sinks.File": {
        "type": "Direct",
        "requested": "[7.0.0, )",
        "resolved": "7.0.0",
        "contentHash": "fKL7mXv7qaiNBUC71ssvn/dU0k9t0o45+qm2XgKAlSt19xF+ijjxyA3R6HmCgfKEKwfcfkwWjayuQtRueZFkYw==",
        "dependencies": {
          "Serilog": "4.2.0"
        }
      },
      "SonarAnalyzer.CSharp": {
        "type": "Direct",
        "requested": "[10.25.0.139117, )",
        "resolved": "10.25.0.139117",
        "contentHash": "2iBZIkcgsaUNyIPFqR9ECv5PLbAwV9I/v/PeEiMdkfhWEAnqD7VyNXzukQDlL/D24f5OoUc4MbWF5SgYI7x3CA=="
      },
      "MahApps.Metro.IconPacks.Core": {
        "type": "Transitive",
        "resolved": "6.2.1",
        "contentHash": "ySAyax37C045Ef1ufN33yQjn3qPM1MuQLgKdxZKYUAl2uZaIrn9wCeBNvfG46QPNRvBFLR6gVKTs6O3o81LNhQ=="
      },
      "Microsoft.Extensions.AI.Abstractions": {
        "type": "Transitive",
        "resolved": "10.5.2",
        "contentHash": "Ei+YWV9Ybnps7pR1dgjlG29gelXEwZkhLVAcWmKe6HvXS6LNBYgSdWiY3Hk9OZXYtK34rv/NtLWBQYQGOBQYPQ=="
      },
      "ModelContextProtocol": {
        "type": "Transitive",
        "resolved": "1.4.1",
        "contentHash": "mP5hvBpoWe5EbWBqHWD09A4Dy6Pq+/vV2dumOV4uegCZcg+yqf8q8wrxtuZ3EQyXEJn9jzsnoiI/qyfJAihlZQ==",
        "dependencies": {
          "ModelContextProtocol.Core": "1.4.1"
        }
      },
      "ModelContextProtocol.AspNetCore": {
        "type": "Transitive",
        "resolved": "1.4.1",
        "contentHash": "AoI+00fRxb0GAMMabMUgpV5QhNoa/F7I9oiVGHfJKtBZ4g/DEyoDdTS9Rp/m4e3MnXhhvSBeu2wTafhesdf52w==",
        "dependencies": {
          "ModelContextProtocol": "1.4.1"
        }
      },
      "ModelContextProtocol.Core": {
        "type": "Transitive",
        "resolved": "1.4.1",
        "contentHash": "G/hOBZkJsvF3MSy0sOvXdxca5uRe2Sb4xk7xRuTWNZI45khVBjOLo6nSzGilctIICavNVxbxUF908fLYI9RxkQ==",
        "dependencies": {
          "Microsoft.Extensions.AI.Abstractions": "10.5.2"
        }
      },
      "Tomlyn": {
        "type": "Transitive",
        "resolved": "2.4.0",
        "contentHash": "6w9WetXD5WrsToN21uAH7vXIvP29z5V/tvb4h4FD4bSB+nL6M6e9uK5QWdEzlA6EolR1/VV9htEqi0Fm/9Qq5g=="
      },
      "poproshaykabot.core": {
        "type": "Project",
        "dependencies": {
          "Serilog": "[4.3.1, )",
          "Serilog.Extensions.Logging": "[8.0.0, )"
        }
      },
      "Serilog": {
        "type": "CentralTransitive",
        "requested": "[4.3.1, )",
        "resolved": "4.3.1",
        "contentHash": "savYe7h5yRlkqBVOwP8cIRDOdqKiPmYCU4W87JH38sBmcKD5EBoXvQIw6bNEvZ/pTe1gsiye3VFCzBsoppGkXQ=="
      }
    }
  }
}