
Microsoft Visual Studio Solution File, Format Version 12.00
Project("{FAE04EC0-301F-11D3-BF4B-00C04F79EFBC}") = "PoproshaykaBot.WinForms", "PoproshaykaBot.WinForms\PoproshaykaBot.WinForms.csproj", "{97F8C90D-FFE6-45B4-9A7B-2BDF805A7367}"
EndProject
Project("{2150E333-8FDC-42A3-9474-1A3956D46DE8}") = "Solution Items", "Solution Items", "{A0DF257F-A8EA-40FB-AEEB-C70768288977}"
	ProjectSection(SolutionItems) = preProject
		.editorconfig = .editorconfig
		.github\workflows\release.yml = .github\workflows\release.yml
		Directory.Build.props = Directory.Build.props
	EndProjectSection
EndProject
Project("{2150E333-8FDC-42A3-9474-1A3956D46DE8}") = "TwitchLib", "TwitchLib", "{3A7F88B7-A594-4875-9CCB-29C78F0B75DA}"
EndProject
Project("{2150E333-8FDC-42A3-9474-1A3956D46DE8}") = "TwitchLib.Api", "TwitchLib.Api", "{49CCA143-1954-4783-446D-97C44209FFCF}"
EndProject
Project("{FAE04EC0-301F-11D3-BF4B-00C04F79EFBC}") = "TwitchLib.Api", "TwitchLib\TwitchLib.Api\TwitchLib.Api\TwitchLib.Api.csproj", "{E0CD1A58-438E-4DAC-9A2C-EC3D63DBEFD5}"
EndProject
Project("{FAE04EC0-301F-11D3-BF4B-00C04F79EFBC}") = "TwitchLib.Api.Core", "TwitchLib\TwitchLib.Api\TwitchLib.Api.Core\TwitchLib.Api.Core.csproj", "{C4EDDAE9-903E-4065-A696-7A8AB55569B2}"
EndProject
Project("{FAE04EC0-301F-11D3-BF4B-00C04F79EFBC}") = "TwitchLib.Api.Core.Enums", "TwitchLib\TwitchLib.Api\TwitchLib.Api.Core.Enums\TwitchLib.Api.Core.Enums.csproj", "{97F61093-C3C0-4FD9-8300-6B430F52B7EB}"
EndProject
Project("{FAE04EC0-301F-11D3-BF4B-00C04F79EFBC}") = "TwitchLib.Api.Core.Interfaces", "TwitchLib\TwitchLib.Api\TwitchLib.Api.Core.Interfaces\TwitchLib.Api.Core.Interfaces.csproj", "{370F956D-BD69-40D1-ACA6-4B099BAAFCFA}"
EndProject
Project("{FAE04EC0-301F-11D3-BF4B-00C04F79EFBC}") = "TwitchLib.Api.Core.Models", "TwitchLib\TwitchLib.Api\TwitchLib.Api.Core.Models\TwitchLib.Api.Core.Models.csproj", "{F7A72D32-32C5-4F55-8599-283598089537}"
EndProject
Project("{FAE04EC0-301F-11D3-BF4B-00C04F79EFBC}") = "TwitchLib.Api.Helix", "TwitchLib\TwitchLib.Api\TwitchLib.Api.Helix\TwitchLib.Api.Helix.csproj", "{057EDD6A-DE8C-498E-870E-F98A95632845}"
EndProject
Project("{FAE04EC0-301F-11D3-BF4B-00C04F79EFBC}") = "TwitchLib.Api.Helix.Models", "TwitchLib\TwitchLib.Api\TwitchLib.Api.Helix.Models\TwitchLib.Api.Helix.Models.csproj", "{5B793F13-543C-470F-ADA4-942C589221D6}"
EndProject
Project("{FAE04EC0-301F-11D3-BF4B-00C04F79EFBC}") = "TwitchLib.Api.Test", "TwitchLib\TwitchLib.Api\TwitchLib.Api.Test\TwitchLib.Api.Test.csproj", "{EAA35429-335A-40F1-9EEC-C5DE6BC061E4}"
EndProject
Project("{2150E333-8FDC-42A3-9474-1A3956D46DE8}") = "TwitchLib.Client", "TwitchLib.Client", "{C233CA2F-D45D-D2A6-4381-16B8A4EA4BA3}"
EndProject
Project("{FAE04EC0-301F-11D3-BF4B-00C04F79EFBC}") = "TwitchLib.Client", "TwitchLib\TwitchLib.Client\TwitchLib.Client\TwitchLib.Client.csproj", "{11C0E547-A4A6-4186-B9CC-521E5BB88230}"
EndProject
Project("{FAE04EC0-301F-11D3-BF4B-00C04F79EFBC}") = "TwitchLib.Client.Enums", "TwitchLib\TwitchLib.Client\TwitchLib.Client.Enums\TwitchLib.Client.Enums.csproj", "{61B8673C-C2E8-4B2C-AD21-B27CEA9A5615}"
EndProject
Project("{FAE04EC0-301F-11D3-BF4B-00C04F79EFBC}") = "TwitchLib.Client.Models", "TwitchLib\TwitchLib.Client\TwitchLib.Client.Models\TwitchLib.Client.Models.csproj", "{19739FFC-8EAA-4713-AFB1-B7F598720721}"
EndProject
Project("{FAE04EC0-301F-11D3-BF4B-00C04F79EFBC}") = "TwitchLib.Client.Test", "TwitchLib\TwitchLib.Client\TwitchLib.Client.Test\TwitchLib.Client.Test.csproj", "{F87D64B1-3ED6-4EE8-AAB2-DD50643D97F5}"
EndProject
Project("{2150E333-8FDC-42A3-9474-1A3956D46DE8}") = "TwitchLib.Communication", "TwitchLib.Communication", "{0F723769-E3C8-3858-0E92-F550B62BC35B}"
EndProject
Project("{FAE04EC0-301F-11D3-BF4B-00C04F79EFBC}") = "TwitchLib.Communication", "TwitchLib\TwitchLib.Client\TwitchLib.Communication\TwitchLib.Communication\TwitchLib.Communication.csproj", "{CA0A0CFD-2859-41E4-994F-09965680E169}"
EndProject
Project("{FAE04EC0-301F-11D3-BF4B-00C04F79EFBC}") = "TwitchLib.Communication.Tests", "TwitchLib\TwitchLib.Client\TwitchLib.Communication\TwitchLib.Communication.Tests\TwitchLib.Communication.Tests.csproj", "{F52EA108-6142-42B7-ADE4-FAB92096207A}"
EndProject
Project("{2150E333-8FDC-42A3-9474-1A3956D46DE8}") = "TwitchLib.EventSub.Websockets", "TwitchLib.EventSub.Websockets", "{376FD8D3-2F09-9E0A-C63B-604B4F03B3F9}"
EndProject
Project("{FAE04EC0-301F-11D3-BF4B-00C04F79EFBC}") = "TwitchLib.EventSub.Websockets", "TwitchLib\TwitchLib.EventSub.Websockets\TwitchLib.EventSub.Websockets\TwitchLib.EventSub.Websockets.csproj", "{A5979133-E8E7-4DFD-A7CD-14F716758800}"
EndProject
Project("{FAE04EC0-301F-11D3-BF4B-00C04F79EFBC}") = "TwitchLib.EventSub.Websockets.Example", "TwitchLib\TwitchLib.EventSub.Websockets\TwitchLib.EventSub.Websockets.Example\TwitchLib.EventSub.Websockets.Example.csproj", "{D6296300-D70C-40F0-82D0-E8F5823B8295}"
EndProject
Global
	GlobalSection(SolutionConfigurationPlatforms) = preSolution
		Debug|Any CPU = Debug|Any CPU
		Debug|x64 = Debug|x64
		Debug|x86 = Debug|x86
		Release|Any CPU = Release|Any CPU
		Release|x64 = Release|x64
		Release|x86 = Release|x86
	EndGlobalSection
	GlobalSection(ProjectConfigurationPlatforms) = postSolution
		{97F8C90D-FFE6-45B4-9A7B-2BDF805A7367}.Debug|Any CPU.ActiveCfg = Debug|Any CPU
		{97F8C90D-FFE6-45B4-9A7B-2BDF805A7367}.Debug|Any CPU.Build.0 = Debug|Any CPU
		{97F8C90D-FFE6-45B4-9A7B-2BDF805A7367}.Debug|x64.ActiveCfg = Debug|Any CPU
		{97F8C90D-FFE6-45B4-9A7B-2BDF805A7367}.Debug|x64.Build.0 = Debug|Any CPU
		{97F8C90D-FFE6-45B4-9A7B-2BDF805A7367}.Debug|x86.ActiveCfg = Debug|Any CPU
		{97F8C90D-FFE6-45B4-9A7B-2BDF805A7367}.Debug|x86.Build.0 = Debug|Any CPU
		{97F8C90D-FFE6-45B4-9A7B-2BDF805A7367}.Release|Any CPU.ActiveCfg = Release|Any CPU
		{97F8C90D-FFE6-45B4-9A7B-2BDF805A7367}.Release|Any CPU.Build.0 = Release|Any CPU
		{97F8C90D-FFE6-45B4-9A7B-2BDF805A7367}.Release|x64.ActiveCfg = Release|Any CPU
		{97F8C90D-FFE6-45B4-9A7B-2BDF805A7367}.Release|x64.Build.0 = Release|Any CPU
		{97F8C90D-FFE6-45B4-9A7B-2BDF805A7367}.Release|x86.ActiveCfg = Release|Any CPU
		{97F8C90D-FFE6-45B4-9A7B-2BDF805A7367}.Release|x86.Build.0 = Release|Any CPU
		{E0CD1A58-438E-4DAC-9A2C-EC3D63DBEFD5}.Debug|Any CPU.ActiveCfg = Debug|Any CPU
		{E0CD1A58-438E-4DAC-9A2C-EC3D63DBEFD5}.Debug|Any CPU.Build.0 = Debug|Any CPU
		{E0CD1A58-438E-4DAC-9A2C-EC3D63DBEFD5}.Debug|x64.ActiveCfg = Debug|Any CPU
		{E0CD1A58-438E-4DAC-9A2C-EC3D63DBEFD5}.Debug|x64.Build.0 = Debug|Any CPU
		{E0CD1A58-438E-4DAC-9A2C-EC3D63DBEFD5}.Debug|x86.ActiveCfg = Debug|Any CPU
		{E0CD1A58-438E-4DAC-9A2C-EC3D63DBEFD5}.Debug|x86.Build.0 = Debug|Any CPU
		{E0CD1A58-438E-4DAC-9A2C-EC3D63DBEFD5}.Release|Any CPU.ActiveCfg = Release|Any CPU
		{E0CD1A58-438E-4DAC-9A2C-EC3D63DBEFD5}.Release|Any CPU.Build.0 = Release|Any CPU
		{E0CD1A58-438E-4DAC-9A2C-EC3D63DBEFD5}.Release|x64.ActiveCfg = Release|Any CPU
		{E0CD1A58-438E-4DAC-9A2C-EC3D63DBEFD5}.Release|x64.Build.0 = Release|Any CPU
		{E0CD1A58-438E-4DAC-9A2C-EC3D63DBEFD5}.Release|x86.ActiveCfg = Release|Any CPU
		{E0CD1A58-438E-4DAC-9A2C-EC3D63DBEFD5}.Release|x86.Build.0 = Release|Any CPU
		{C4EDDAE9-903E-4065-A696-7A8AB55569B2}.Debug|Any CPU.ActiveCfg = Debug|Any CPU
		{C4EDDAE9-903E-4065-A696-7A8AB55569B2}.Debug|Any CPU.Build.0 = Debug|Any CPU
		{C4EDDAE9-903E-4065-A696-7A8AB55569B2}.Debug|x64.ActiveCfg = Debug|Any CPU
		{C4EDDAE9-903E-4065-A696-7A8AB55569B2}.Debug|x64.Build.0 = Debug|Any CPU
		{C4EDDAE9-903E-4065-A696-7A8AB55569B2}.Debug|x86.ActiveCfg = Debug|Any CPU
		{C4EDDAE9-903E-4065-A696-7A8AB55569B2}.Debug|x86.Build.0 = Debug|Any CPU
		{C4EDDAE9-903E-4065-A696-7A8AB55569B2}.Release|Any CPU.ActiveCfg = Release|Any CPU
		{C4EDDAE9-903E-4065-A696-7A8AB55569B2}.Release|Any CPU.Build.0 = Release|Any CPU
		{C4EDDAE9-903E-4065-A696-7A8AB55569B2}.Release|x64.ActiveCfg = Release|Any CPU
		{C4EDDAE9-903E-4065-A696-7A8AB55569B2}.Release|x64.Build.0 = Release|Any CPU
		{C4EDDAE9-903E-4065-A696-7A8AB55569B2}.Release|x86.ActiveCfg = Release|Any CPU
		{C4EDDAE9-903E-4065-A696-7A8AB55569B2}.Release|x86.Build.0 = Release|Any CPU
		{97F61093-C3C0-4FD9-8300-6B430F52B7EB}.Debug|Any CPU.ActiveCfg = Debug|Any CPU
		{97F61093-C3C0-4FD9-8300-6B430F52B7EB}.Debug|Any CPU.Build.0 = Debug|Any CPU
		{97F61093-C3C0-4FD9-8300-6B430F52B7EB}.Debug|x64.ActiveCfg = Debug|Any CPU
		{97F61093-C3C0-4FD9-8300-6B430F52B7EB}.Debug|x64.Build.0 = Debug|Any CPU
		{97F61093-C3C0-4FD9-8300-6B430F52B7EB}.Debug|x86.ActiveCfg = Debug|Any CPU
		{97F61093-C3C0-4FD9-8300-6B430F52B7EB}.Debug|x86.Build.0 = Debug|Any CPU
		{97F61093-C3C0-4FD9-8300-6B430F52B7EB}.Release|Any CPU.ActiveCfg = Release|Any CPU
		{97F61093-C3C0-4FD9-8300-6B430F52B7EB}.Release|Any CPU.Build.0 = Release|Any CPU
		{97F61093-C3C0-4FD9-8300-6B430F52B7EB}.Release|x64.ActiveCfg = Release|Any CPU
		{97F61093-C3C0-4FD9-8300-6B430F52B7EB}.Release|x64.Build.0 = Release|Any CPU
		{97F61093-C3C0-4FD9-8300-6B430F52B7EB}.Release|x86.ActiveCfg = Release|Any CPU
		{97F61093-C3C0-4FD9-8300-6B430F52B7EB}.Release|x86.Build.0 = Release|Any CPU
		{370F956D-BD69-40D1-ACA6-4B099BAAFCFA}.Debug|Any CPU.ActiveCfg = Debug|Any CPU
		{370F956D-BD69-40D1-ACA6-4B099BAAFCFA}.Debug|Any CPU.Build.0 = Debug|Any CPU
		{370F956D-BD69-40D1-ACA6-4B099BAAFCFA}.Debug|x64.ActiveCfg = Debug|Any CPU
		{370F956D-BD69-40D1-ACA6-4B099BAAFCFA}.Debug|x64.Build.0 = Debug|Any CPU
		{370F956D-BD69-40D1-ACA6-4B099BAAFCFA}.Debug|x86.ActiveCfg = Debug|Any CPU
		{370F956D-BD69-40D1-ACA6-4B099BAAFCFA}.Debug|x86.Build.0 = Debug|Any CPU
		{370F956D-BD69-40D1-ACA6-4B099BAAFCFA}.Release|Any CPU.ActiveCfg = Release|Any CPU
		{370F956D-BD69-40D1-ACA6-4B099BAAFCFA}.Release|Any CPU.Build.0 = Release|Any CPU
		{370F956D-BD69-40D1-ACA6-4B099BAAFCFA}.Release|x64.ActiveCfg = Release|Any CPU
		{370F956D-BD69-40D1-ACA6-4B099BAAFCFA}.Release|x64.Build.0 = Release|Any CPU
		{370F956D-BD69-40D1-ACA6-4B099BAAFCFA}.Release|x86.ActiveCfg = Release|Any CPU
		{370F956D-BD69-40D1-ACA6-4B099BAAFCFA}.Release|x86.Build.0 = Release|Any CPU
		{F7A72D32-32C5-4F55-8599-283598089537}.Debug|Any CPU.ActiveCfg = Debug|Any CPU
		{F7A72D32-32C5-4F55-8599-283598089537}.Debug|Any CPU.Build.0 = Debug|Any CPU
		{F7A72D32-32C5-4F55-8599-283598089537}.Debug|x64.ActiveCfg = Debug|Any CPU
		{F7A72D32-32C5-4F55-8599-283598089537}.Debug|x64.Build.0 = Debug|Any CPU
		{F7A72D32-32C5-4F55-8599-283598089537}.Debug|x86.ActiveCfg = Debug|Any CPU
		{F7A72D32-32C5-4F55-8599-283598089537}.Debug|x86.Build.0 = Debug|Any CPU
		{F7A72D32-32C5-4F55-8599-283598089537}.Release|Any CPU.ActiveCfg = Release|Any CPU
		{F7A72D32-32C5-4F55-8599-283598089537}.Release|Any CPU.Build.0 = Release|Any CPU
		{F7A72D32-32C5-4F55-8599-283598089537}.Release|x64.ActiveCfg = Release|Any CPU
		{F7A72D32-32C5-4F55-8599-283598089537}.Release|x64.Build.0 = Release|Any CPU
		{F7A72D32-32C5-4F55-8599-283598089537}.Release|x86.ActiveCfg = Release|Any CPU
		{F7A72D32-32C5-4F55-8599-283598089537}.Release|x86.Build.0 = Release|Any CPU
		{057EDD6A-DE8C-498E-870E-F98A95632845}.Debug|Any CPU.ActiveCfg = Debug|Any CPU
		{057EDD6A-DE8C-498E-870E-F98A95632845}.Debug|Any CPU.Build.0 = Debug|Any CPU
		{057EDD6A-DE8C-498E-870E-F98A95632845}.Debug|x64.ActiveCfg = Debug|Any CPU
		{057EDD6A-DE8C-498E-870E-F98A95632845}.Debug|x64.Build.0 = Debug|Any CPU
		{057EDD6A-DE8C-498E-870E-F98A95632845}.Debug|x86.ActiveCfg = Debug|Any CPU
		{057EDD6A-DE8C-498E-870E-F98A95632845}.Debug|x86.Build.0 = Debug|Any CPU
		{057EDD6A-DE8C-498E-870E-F98A95632845}.Release|Any CPU.ActiveCfg = Release|Any CPU
		{057EDD6A-DE8C-498E-870E-F98A95632845}.Release|Any CPU.Build.0 = Release|Any CPU
		{057EDD6A-DE8C-498E-870E-F98A95632845}.Release|x64.ActiveCfg = Release|Any CPU
		{057EDD6A-DE8C-498E-870E-F98A95632845}.Release|x64.Build.0 = Release|Any CPU
		{057EDD6A-DE8C-498E-870E-F98A95632845}.Release|x86.ActiveCfg = Release|Any CPU
		{057EDD6A-DE8C-498E-870E-F98A95632845}.Release|x86.Build.0 = Release|Any CPU
		{5B793F13-543C-470F-ADA4-942C589221D6}.Debug|Any CPU.ActiveCfg = Debug|Any CPU
		{5B793F13-543C-470F-ADA4-942C589221D6}.Debug|Any CPU.Build.0 = Debug|Any CPU
		{5B793F13-543C-470F-ADA4-942C589221D6}.Debug|x64.ActiveCfg = Debug|Any CPU
		{5B793F13-543C-470F-ADA4-942C589221D6}.Debug|x64.Build.0 = Debug|Any CPU
		{5B793F13-543C-470F-ADA4-942C589221D6}.Debug|x86.ActiveCfg = Debug|Any CPU
		{5B793F13-543C-470F-ADA4-942C589221D6}.Debug|x86.Build.0 = Debug|Any CPU
		{5B793F13-543C-470F-ADA4-942C589221D6}.Release|Any CPU.ActiveCfg = Release|Any CPU
		{5B793F13-543C-470F-ADA4-942C589221D6}.Release|Any CPU.Build.0 = Release|Any CPU
		{5B793F13-543C-470F-ADA4-942C589221D6}.Release|x64.ActiveCfg = Release|Any CPU
		{5B793F13-543C-470F-ADA4-942C589221D6}.Release|x64.Build.0 = Release|Any CPU
		{5B793F13-543C-470F-ADA4-942C589221D6}.Release|x86.ActiveCfg = Release|Any CPU
		{5B793F13-543C-470F-ADA4-942C589221D6}.Release|x86.Build.0 = Release|Any CPU
		{EAA35429-335A-40F1-9EEC-C5DE6BC061E4}.Debug|Any CPU.ActiveCfg = Debug|Any CPU
		{EAA35429-335A-40F1-9EEC-C5DE6BC061E4}.Debug|Any CPU.Build.0 = Debug|Any CPU
		{EAA35429-335A-40F1-9EEC-C5DE6BC061E4}.Debug|x64.ActiveCfg = Debug|Any CPU
		{EAA35429-335A-40F1-9EEC-C5DE6BC061E4}.Debug|x64.Build.0 = Debug|Any CPU
		{EAA35429-335A-40F1-9EEC-C5DE6BC061E4}.Debug|x86.ActiveCfg = Debug|Any CPU
		{EAA35429-335A-40F1-9EEC-C5DE6BC061E4}.Debug|x86.Build.0 = Debug|Any CPU
		{EAA35429-335A-40F1-9EEC-C5DE6BC061E4}.Release|Any CPU.ActiveCfg = Release|Any CPU
		{EAA35429-335A-40F1-9EEC-C5DE6BC061E4}.Release|Any CPU.Build.0 = Release|Any CPU
		{EAA35429-335A-40F1-9EEC-C5DE6BC061E4}.Release|x64.ActiveCfg = Release|Any CPU
		{EAA35429-335A-40F1-9EEC-C5DE6BC061E4}.Release|x64.Build.0 = Release|Any CPU
		{EAA35429-335A-40F1-9EEC-C5DE6BC061E4}.Release|x86.ActiveCfg = Release|Any CPU
		{EAA35429-335A-40F1-9EEC-C5DE6BC061E4}.Release|x86.Build.0 = Release|Any CPU
		{11C0E547-A4A6-4186-B9CC-521E5BB88230}.Debug|Any CPU.ActiveCfg = Debug|Any CPU
		{11C0E547-A4A6-4186-B9CC-521E5BB88230}.Debug|Any CPU.Build.0 = Debug|Any CPU
		{11C0E547-A4A6-4186-B9CC-521E5BB88230}.Debug|x64.ActiveCfg = Debug|Any CPU
		{11C0E547-A4A6-4186-B9CC-521E5BB88230}.Debug|x64.Build.0 = Debug|Any CPU
		{11C0E547-A4A6-4186-B9CC-521E5BB88230}.Debug|x86.ActiveCfg = Debug|Any CPU
		{11C0E547-A4A6-4186-B9CC-521E5BB88230}.Debug|x86.Build.0 = Debug|Any CPU
		{11C0E547-A4A6-4186-B9CC-521E5BB88230}.Release|Any CPU.ActiveCfg = Release|Any CPU
		{11C0E547-A4A6-4186-B9CC-521E5BB88230}.Release|Any CPU.Build.0 = Release|Any CPU
		{11C0E547-A4A6-4186-B9CC-521E5BB88230}.Release|x64.ActiveCfg = Release|Any CPU
		{11C0E547-A4A6-4186-B9CC-521E5BB88230}.Release|x64.Build.0 = Release|Any CPU
		{11C0E547-A4A6-4186-B9CC-521E5BB88230}.Release|x86.ActiveCfg = Release|Any CPU
		{11C0E547-A4A6-4186-B9CC-521E5BB88230}.Release|x86.Build.0 = Release|Any CPU
		{61B8673C-C2E8-4B2C-AD21-B27CEA9A5615}.Debug|Any CPU.ActiveCfg = Debug|Any CPU
		{61B8673C-C2E8-4B2C-AD21-B27CEA9A5615}.Debug|Any CPU.Build.0 = Debug|Any CPU
		{61B8673C-C2E8-4B2C-AD21-B27CEA9A5615}.Debug|x64.ActiveCfg = Debug|Any CPU
		{61B8673C-C2E8-4B2C-AD21-B27CEA9A5615}.Debug|x64.Build.0 = Debug|Any CPU
		{61B8673C-C2E8-4B2C-AD21-B27CEA9A5615}.Debug|x86.ActiveCfg = Debug|Any CPU
		{61B8673C-C2E8-4B2C-AD21-B27CEA9A5615}.Debug|x86.Build.0 = Debug|Any CPU
		{61B8673C-C2E8-4B2C-AD21-B27CEA9A5615}.Release|Any CPU.ActiveCfg = Release|Any CPU
		{61B8673C-C2E8-4B2C-AD21-B27CEA9A5615}.Release|Any CPU.Build.0 = Release|Any CPU
		{61B8673C-C2E8-4B2C-AD21-B27CEA9A5615}.Release|x64.ActiveCfg = Release|Any CPU
		{61B8673C-C2E8-4B2C-AD21-B27CEA9A5615}.Release|x64.Build.0 = Release|Any CPU
		{61B8673C-C2E8-4B2C-AD21-B27CEA9A5615}.Release|x86.ActiveCfg = Release|Any CPU
		{61B8673C-C2E8-4B2C-AD21-B27CEA9A5615}.Release|x86.Build.0 = Release|Any CPU
		{19739FFC-8EAA-4713-AFB1-B7F598720721}.Debug|Any CPU.ActiveCfg = Debug|Any CPU
		{19739FFC-8EAA-4713-AFB1-B7F598720721}.Debug|Any CPU.Build.0 = Debug|Any CPU
		{19739FFC-8EAA-4713-AFB1-B7F598720721}.Debug|x64.ActiveCfg = Debug|Any CPU
		{19739FFC-8EAA-4713-AFB1-B7F598720721}.Debug|x64.Build.0 = Debug|Any CPU
		{19739FFC-8EAA-4713-AFB1-B7F598720721}.Debug|x86.ActiveCfg = Debug|Any CPU
		{19739FFC-8EAA-4713-AFB1-B7F598720721}.Debug|x86.Build.0 = Debug|Any CPU
		{19739FFC-8EAA-4713-AFB1-B7F598720721}.Release|Any CPU.ActiveCfg = Release|Any CPU
		{19739FFC-8EAA-4713-AFB1-B7F598720721}.Release|Any CPU.Build.0 = Release|Any CPU
		{19739FFC-8EAA-4713-AFB1-B7F598720721}.Release|x64.ActiveCfg = Release|Any CPU
		{19739FFC-8EAA-4713-AFB1-B7F598720721}.Release|x64.Build.0 = Release|Any CPU
		{19739FFC-8EAA-4713-AFB1-B7F598720721}.Release|x86.ActiveCfg = Release|Any CPU
		{19739FFC-8EAA-4713-AFB1-B7F598720721}.Release|x86.Build.0 = Release|Any CPU
		{F87D64B1-3ED6-4EE8-AAB2-DD50643D97F5}.Debug|Any CPU.ActiveCfg = Debug|Any CPU
		{F87D64B1-3ED6-4EE8-AAB2-DD50643D97F5}.Debug|Any CPU.Build.0 = Debug|Any CPU
		{F87D64B1-3ED6-4EE8-AAB2-DD50643D97F5}.Debug|x64.ActiveCfg = Debug|Any CPU
		{F87D64B1-3ED6-4EE8-AAB2-DD50643D97F5}.Debug|x64.Build.0 = Debug|Any CPU
		{F87D64B1-3ED6-4EE8-AAB2-DD50643D97F5}.Debug|x86.ActiveCfg = Debug|Any CPU
		{F87D64B1-3ED6-4EE8-AAB2-DD50643D97F5}.Debug|x86.Build.0 = Debug|Any CPU
		{F87D64B1-3ED6-4EE8-AAB2-DD50643D97F5}.Release|Any CPU.ActiveCfg = Release|Any CPU
		{F87D64B1-3ED6-4EE8-AAB2-DD50643D97F5}.Release|Any CPU.Build.0 = Release|Any CPU
		{F87D64B1-3ED6-4EE8-AAB2-DD50643D97F5}.Release|x64.ActiveCfg = Release|Any CPU
		{F87D64B1-3ED6-4EE8-AAB2-DD50643D97F5}.Release|x64.Build.0 = Release|Any CPU
		{F87D64B1-3ED6-4EE8-AAB2-DD50643D97F5}.Release|x86.ActiveCfg = Release|Any CPU
		{F87D64B1-3ED6-4EE8-AAB2-DD50643D97F5}.Release|x86.Build.0 = Release|Any CPU
		{CA0A0CFD-2859-41E4-994F-09965680E169}.Debug|Any CPU.ActiveCfg = Debug|Any CPU
		{CA0A0CFD-2859-41E4-994F-09965680E169}.Debug|Any CPU.Build.0 = Debug|Any CPU
		{CA0A0CFD-2859-41E4-994F-09965680E169}.Debug|x64.ActiveCfg = Debug|Any CPU
		{CA0A0CFD-2859-41E4-994F-09965680E169}.Debug|x64.Build.0 = Debug|Any CPU
		{CA0A0CFD-2859-41E4-994F-09965680E169}.Debug|x86.ActiveCfg = Debug|Any CPU
		{CA0A0CFD-2859-41E4-994F-09965680E169}.Debug|x86.Build.0 = Debug|Any CPU
		{CA0A0CFD-2859-41E4-994F-09965680E169}.Release|Any CPU.ActiveCfg = Release|Any CPU
		{CA0A0CFD-2859-41E4-994F-09965680E169}.Release|Any CPU.Build.0 = Release|Any CPU
		{CA0A0CFD-2859-41E4-994F-09965680E169}.Release|x64.ActiveCfg = Release|Any CPU
		{CA0A0CFD-2859-41E4-994F-09965680E169}.Release|x64.Build.0 = Release|Any CPU
		{CA0A0CFD-2859-41E4-994F-09965680E169}.Release|x86.ActiveCfg = Release|Any CPU
		{CA0A0CFD-2859-41E4-994F-09965680E169}.Release|x86.Build.0 = Release|Any CPU
		{F52EA108-6142-42B7-ADE4-FAB92096207A}.Debug|Any CPU.ActiveCfg = Debug|Any CPU
		{F52EA108-6142-42B7-ADE4-FAB92096207A}.Debug|Any CPU.Build.0 = Debug|Any CPU
		{F52EA108-6142-42B7-ADE4-FAB92096207A}.Debug|x64.ActiveCfg = Debug|Any CPU
		{F52EA108-6142-42B7-ADE4-FAB92096207A}.Debug|x64.Build.0 = Debug|Any CPU
		{F52EA108-6142-42B7-ADE4-FAB92096207A}.Debug|x86.ActiveCfg = Debug|Any CPU
		{F52EA108-6142-42B7-ADE4-FAB92096207A}.Debug|x86.Build.0 = Debug|Any CPU
		{F52EA108-6142-42B7-ADE4-FAB92096207A}.Release|Any CPU.ActiveCfg = Release|Any CPU
		{F52EA108-6142-42B7-ADE4-FAB92096207A}.Release|Any CPU.Build.0 = Release|Any CPU
		{F52EA108-6142-42B7-ADE4-FAB92096207A}.Release|x64.ActiveCfg = Release|Any CPU
		{F52EA108-6142-42B7-ADE4-FAB92096207A}.Release|x64.Build.0 = Release|Any CPU
		{F52EA108-6142-42B7-ADE4-FAB92096207A}.Release|x86.ActiveCfg = Release|Any CPU
		{F52EA108-6142-42B7-ADE4-FAB92096207A}.Release|x86.Build.0 = Release|Any CPU
		{A5979133-E8E7-4DFD-A7CD-14F716758800}.Debug|Any CPU.ActiveCfg = Debug|Any CPU
		{A5979133-E8E7-4DFD-A7CD-14F716758800}.Debug|Any CPU.Build.0 = Debug|Any CPU
		{A5979133-E8E7-4DFD-A7CD-14F716758800}.Debug|x64.ActiveCfg = Debug|Any CPU
		{A5979133-E8E7-4DFD-A7CD-14F716758800}.Debug|x64.Build.0 = Debug|Any CPU
		{A5979133-E8E7-4DFD-A7CD-14F716758800}.Debug|x86.ActiveCfg = Debug|Any CPU
		{A5979133-E8E7-4DFD-A7CD-14F716758800}.Debug|x86.Build.0 = Debug|Any CPU
		{A5979133-E8E7-4DFD-A7CD-14F716758800}.Release|Any CPU.ActiveCfg = Release|Any CPU
		{A5979133-E8E7-4DFD-A7CD-14F716758800}.Release|Any CPU.Build.0 = Release|Any CPU
		{A5979133-E8E7-4DFD-A7CD-14F716758800}.Release|x64.ActiveCfg = Release|Any CPU
		{A5979133-E8E7-4DFD-A7CD-14F716758800}.Release|x64.Build.0 = Release|Any CPU
		{A5979133-E8E7-4DFD-A7CD-14F716758800}.Release|x86.ActiveCfg = Release|Any CPU
		{A5979133-E8E7-4DFD-A7CD-14F716758800}.Release|x86.Build.0 = Release|Any CPU
		{D6296300-D70C-40F0-82D0-E8F5823B8295}.Debug|Any CPU.ActiveCfg = Debug|Any CPU
		{D6296300-D70C-40F0-82D0-E8F5823B8295}.Debug|Any CPU.Build.0 = Debug|Any CPU
		{D6296300-D70C-40F0-82D0-E8F5823B8295}.Debug|x64.ActiveCfg = Debug|Any CPU
		{D6296300-D70C-40F0-82D0-E8F5823B8295}.Debug|x64.Build.0 = Debug|Any CPU
		{D6296300-D70C-40F0-82D0-E8F5823B8295}.Debug|x86.ActiveCfg = Debug|Any CPU
		{D6296300-D70C-40F0-82D0-E8F5823B8295}.Debug|x86.Build.0 = Debug|Any CPU
		{D6296300-D70C-40F0-82D0-E8F5823B8295}.Release|Any CPU.ActiveCfg = Release|Any CPU
		{D6296300-D70C-40F0-82D0-E8F5823B8295}.Release|Any CPU.Build.0 = Release|Any CPU
		{D6296300-D70C-40F0-82D0-E8F5823B8295}.Release|x64.ActiveCfg = Release|Any CPU
		{D6296300-D70C-40F0-82D0-E8F5823B8295}.Release|x64.Build.0 = Release|Any CPU
		{D6296300-D70C-40F0-82D0-E8F5823B8295}.Release|x86.ActiveCfg = Release|Any CPU
		{D6296300-D70C-40F0-82D0-E8F5823B8295}.Release|x86.Build.0 = Release|Any CPU
	EndGlobalSection
	GlobalSection(SolutionProperties) = preSolution
		HideSolutionNode = FALSE
	EndGlobalSection
	GlobalSection(NestedProjects) = preSolution
		{49CCA143-1954-4783-446D-97C44209FFCF} = {3A7F88B7-A594-4875-9CCB-29C78F0B75DA}
		{E0CD1A58-438E-4DAC-9A2C-EC3D63DBEFD5} = {49CCA143-1954-4783-446D-97C44209FFCF}
		{C4EDDAE9-903E-4065-A696-7A8AB55569B2} = {49CCA143-1954-4783-446D-97C44209FFCF}
		{97F61093-C3C0-4FD9-8300-6B430F52B7EB} = {49CCA143-1954-4783-446D-97C44209FFCF}
		{370F956D-BD69-40D1-ACA6-4B099BAAFCFA} = {49CCA143-1954-4783-446D-97C44209FFCF}
		{F7A72D32-32C5-4F55-8599-283598089537} = {49CCA143-1954-4783-446D-97C44209FFCF}
		{057EDD6A-DE8C-498E-870E-F98A95632845} = {49CCA143-1954-4783-446D-97C44209FFCF}
		{5B793F13-543C-470F-ADA4-942C589221D6} = {49CCA143-1954-4783-446D-97C44209FFCF}
		{EAA35429-335A-40F1-9EEC-C5DE6BC061E4} = {49CCA143-1954-4783-446D-97C44209FFCF}
		{C233CA2F-D45D-D2A6-4381-16B8A4EA4BA3} = {3A7F88B7-A594-4875-9CCB-29C78F0B75DA}
		{11C0E547-A4A6-4186-B9CC-521E5BB88230} = {C233CA2F-D45D-D2A6-4381-16B8A4EA4BA3}
		{61B8673C-C2E8-4B2C-AD21-B27CEA9A5615} = {C233CA2F-D45D-D2A6-4381-16B8A4EA4BA3}
		{19739FFC-8EAA-4713-AFB1-B7F598720721} = {C233CA2F-D45D-D2A6-4381-16B8A4EA4BA3}
		{F87D64B1-3ED6-4EE8-AAB2-DD50643D97F5} = {C233CA2F-D45D-D2A6-4381-16B8A4EA4BA3}
		{0F723769-E3C8-3858-0E92-F550B62BC35B} = {C233CA2F-D45D-D2A6-4381-16B8A4EA4BA3}
		{CA0A0CFD-2859-41E4-994F-09965680E169} = {0F723769-E3C8-3858-0E92-F550B62BC35B}
		{F52EA108-6142-42B7-ADE4-FAB92096207A} = {0F723769-E3C8-3858-0E92-F550B62BC35B}
		{376FD8D3-2F09-9E0A-C63B-604B4F03B3F9} = {3A7F88B7-A594-4875-9CCB-29C78F0B75DA}
		{A5979133-E8E7-4DFD-A7CD-14F716758800} = {376FD8D3-2F09-9E0A-C63B-604B4F03B3F9}
		{D6296300-D70C-40F0-82D0-E8F5823B8295} = {376FD8D3-2F09-9E0A-C63B-604B4F03B3F9}
	EndGlobalSection
EndGlobal
